// !$*UTF8*$!
{
	archiveVersion = 1;
	classes = {
	};
	objectVersion = 48;
	objects = {

/* Begin PBXBuildFile section */
		D68BED7C20036EBD00033E55 /* AppDelegate.swift in Sources */ = {isa = PBXBuildFile; fileRef = D68BED7B20036EBD00033E55 /* AppDelegate.swift */; };
		D68BED7E20036EBD00033E55 /* MainViewController.swift in Sources */ = {isa = PBXBuildFile; fileRef = D68BED7D20036EBD00033E55 /* MainViewController.swift */; };
		D68BED8020036EBD00033E55 /* MatchesViewController.swift in Sources */ = {isa = PBXBuildFile; fileRef = D68BED7F20036EBD00033E55 /* MatchesViewController.swift */; };
		D68BED8320036EBD00033E55 /* Main.storyboard in Resources */ = {isa = PBXBuildFile; fileRef = D68BED8120036EBD00033E55 /* Main.storyboard */; };
		D68BED8520036EBD00033E55 /* Assets.xcassets in Resources */ = {isa = PBXBuildFile; fileRef = D68BED8420036EBD00033E55 /* Assets.xcassets */; };
		D68BED8820036EBD00033E55 /* LaunchScreen.storyboard in Resources */ = {isa = PBXBuildFile; fileRef = D68BED8620036EBD00033E55 /* LaunchScreen.storyboard */; };
		D68BED9020036EF700033E55 /* TabBarViewController.swift in Sources */ = {isa = PBXBuildFile; fileRef = D68BED8F20036EF700033E55 /* TabBarViewController.swift */; };
		D68BED9C20036F6600033E55 /* MMDrawerBarButtonItem.m in Sources */ = {isa = PBXBuildFile; fileRef = D68BED9420036F6500033E55 /* MMDrawerBarButtonItem.m */; };
		D68BED9D20036F6600033E55 /* MMDrawerController.m in Sources */ = {isa = PBXBuildFile; fileRef = D68BED9520036F6500033E55 /* MMDrawerController.m */; };
		D68BED9E20036F6600033E55 /* MMDrawerVisualState.m in Sources */ = {isa = PBXBuildFile; fileRef = D68BED9720036F6500033E55 /* MMDrawerVisualState.m */; };
		D68BED9F20036F6600033E55 /* UIViewController+MMDrawerController.m in Sources */ = {isa = PBXBuildFile; fileRef = D68BED9820036F6500033E55 /* UIViewController+MMDrawerController.m */; };
		D68BEDA1200370B100033E55 /* RightSideViewController.swift in Sources */ = {isa = PBXBuildFile; fileRef = D68BEDA0200370B100033E55 /* RightSideViewController.swift */; };
		D68BEDA32003788A00033E55 /* Extensions.swift in Sources */ = {isa = PBXBuildFile; fileRef = D68BEDA22003788A00033E55 /* Extensions.swift */; };
		D68BEDA5200387EE00033E55 /* ScorersViewController.swift in Sources */ = {isa = PBXBuildFile; fileRef = D68BEDA4200387EE00033E55 /* ScorersViewController.swift */; };
		D68BEDAB20041A7600033E55 /* BaseViewController.swift in Sources */ = {isa = PBXBuildFile; fileRef = D68BEDAA20041A7600033E55 /* BaseViewController.swift */; };
		D68BEDAE20041C7800033E55 /* NewsViewController.swift in Sources */ = {isa = PBXBuildFile; fileRef = D68BEDAD20041C7800033E55 /* NewsViewController.swift */; };
/* End PBXBuildFile section */

/* Begin PBXFileReference section */
		D68BED7820036EBD00033E55 /* KFUPMSC.app */ = {isa = PBXFileReference; explicitFileType = wrapper.application; includeInIndex = 0; path = KFUPMSC.app; sourceTree = BUILT_PRODUCTS_DIR; };
		D68BED7B20036EBD00033E55 /* AppDelegate.swift */ = {isa = PBXFileReference; lastKnownFileType = sourcecode.swift; path = AppDelegate.swift; sourceTree = "<group>"; };
		D68BED7D20036EBD00033E55 /* MainViewController.swift */ = {isa = PBXFileReference; lastKnownFileType = sourcecode.swift; path = MainViewController.swift; sourceTree = "<group>"; };
		D68BED7F20036EBD00033E55 /* MatchesViewController.swift */ = {isa = PBXFileReference; lastKnownFileType = sourcecode.swift; path = MatchesViewController.swift; sourceTree = "<group>"; };
		D68BED8220036EBD00033E55 /* Base */ = {isa = PBXFileReference; lastKnownFileType = file.storyboard; name = Base; path = Base.lproj/Main.storyboard; sourceTree = "<group>"; };
		D68BED8420036EBD00033E55 /* Assets.xcassets */ = {isa = PBXFileReference; lastKnownFileType = folder.assetcatalog; path = Assets.xcassets; sourceTree = "<group>"; };
		D68BED8720036EBD00033E55 /* Base */ = {isa = PBXFileReference; lastKnownFileType = file.storyboard; name = Base; path = Base.lproj/LaunchScreen.storyboard; sourceTree = "<group>"; };
		D68BED8920036EBD00033E55 /* Info.plist */ = {isa = PBXFileReference; lastKnownFileType = text.plist.xml; path = Info.plist; sourceTree = "<group>"; };
		D68BED8F20036EF700033E55 /* TabBarViewController.swift */ = {isa = PBXFileReference; lastKnownFileType = sourcecode.swift; path = TabBarViewController.swift; sourceTree = "<group>"; };
		D68BED9220036F6400033E55 /* KFUPMSC-Bridging-Header.h */ = {isa = PBXFileReference; lastKnownFileType = sourcecode.c.h; path = "KFUPMSC-Bridging-Header.h"; sourceTree = "<group>"; };
		D68BED9320036F6500033E55 /* MMDrawerBarButtonItem.h */ = {isa = PBXFileReference; fileEncoding = 4; lastKnownFileType = sourcecode.c.h; path = MMDrawerBarButtonItem.h; sourceTree = "<group>"; };
		D68BED9420036F6500033E55 /* MMDrawerBarButtonItem.m */ = {isa = PBXFileReference; fileEncoding = 4; lastKnownFileType = sourcecode.c.objc; path = MMDrawerBarButtonItem.m; sourceTree = "<group>"; };
		D68BED9520036F6500033E55 /* MMDrawerController.m */ = {isa = PBXFileReference; fileEncoding = 4; lastKnownFileType = sourcecode.c.objc; path = MMDrawerController.m; sourceTree = "<group>"; };
		D68BED9620036F6500033E55 /* MMDrawerController+Subclass.h */ = {isa = PBXFileReference; fileEncoding = 4; lastKnownFileType = sourcecode.c.h; path = "MMDrawerController+Subclass.h"; sourceTree = "<group>"; };
		D68BED9720036F6500033E55 /* MMDrawerVisualState.m */ = {isa = PBXFileReference; fileEncoding = 4; lastKnownFileType = sourcecode.c.objc; path = MMDrawerVisualState.m; sourceTree = "<group>"; };
		D68BED9820036F6500033E55 /* UIViewController+MMDrawerController.m */ = {isa = PBXFileReference; fileEncoding = 4; lastKnownFileType = sourcecode.c.objc; path = "UIViewController+MMDrawerController.m"; sourceTree = "<group>"; };
		D68BED9920036F6500033E55 /* MMDrawerController.h */ = {isa = PBXFileReference; fileEncoding = 4; lastKnownFileType = sourcecode.c.h; path = MMDrawerController.h; sourceTree = "<group>"; };
		D68BED9A20036F6600033E55 /* MMDrawerVisualState.h */ = {isa = PBXFileReference; fileEncoding = 4; lastKnownFileType = sourcecode.c.h; path = MMDrawerVisualState.h; sourceTree = "<group>"; };
		D68BED9B20036F6600033E55 /* UIViewController+MMDrawerController.h */ = {isa = PBXFileReference; fileEncoding = 4; lastKnownFileType = sourcecode.c.h; path = "UIViewController+MMDrawerController.h"; sourceTree = "<group>"; };
		D68BEDA0200370B100033E55 /* RightSideViewController.swift */ = {isa = PBXFileReference; lastKnownFileType = sourcecode.swift; path = RightSideViewController.swift; sourceTree = "<group>"; };
		D68BEDA22003788A00033E55 /* Extensions.swift */ = {isa = PBXFileReference; lastKnownFileType = sourcecode.swift; path = Extensions.swift; sourceTree = "<group>"; };
		D68BEDA4200387EE00033E55 /* ScorersViewController.swift */ = {isa = PBXFileReference; lastKnownFileType = sourcecode.swift; path = ScorersViewController.swift; sourceTree = "<group>"; };
		D68BEDAA20041A7600033E55 /* BaseViewController.swift */ = {isa = PBXFileReference; lastKnownFileType = sourcecode.swift; path = BaseViewController.swift; sourceTree = "<group>"; };
		D68BEDAD20041C7800033E55 /* NewsViewController.swift */ = {isa = PBXFileReference; lastKnownFileType = sourcecode.swift; path = NewsViewController.swift; sourceTree = "<group>"; };
/* End PBXFileReference section */

/* Begin PBXFrameworksBuildPhase section */
		D68BED7520036EBD00033E55 /* Frameworks */ = {
			isa = PBXFrameworksBuildPhase;
			buildActionMask = 2147483647;
			files = (
			);
			runOnlyForDeploymentPostprocessing = 0;
		};
/* End PBXFrameworksBuildPhase section */

/* Begin PBXGroup section */
		D68BED6F20036EBC00033E55 = {
			isa = PBXGroup;
			children = (
				D68BED7A20036EBD00033E55 /* KFUPMSC */,
				D68BED7920036EBD00033E55 /* Products */,
			);
			sourceTree = "<group>";
		};
		D68BED7920036EBD00033E55 /* Products */ = {
			isa = PBXGroup;
			children = (
				D68BED7820036EBD00033E55 /* KFUPMSC.app */,
			);
			name = Products;
			sourceTree = "<group>";
		};
		D68BED7A20036EBD00033E55 /* KFUPMSC */ = {
			isa = PBXGroup;
			children = (
				D68BED9120036F3500033E55 /* MMDrawer */,
				D68BED7B20036EBD00033E55 /* AppDelegate.swift */,
				D68BEDA920041A6100033E55 /* Base Views */,
				D68BEDA62004166D00033E55 /* Main Tab */,
				D68BEDA72004167B00033E55 /* Matches Tab */,
				D68BEDA82004168400033E55 /* Scorers Tab */,
				D68BEDA22003788A00033E55 /* Extensions.swift */,
				D68BEDAC20041C6000033E55 /* Side Menu */,
				D68BED8120036EBD00033E55 /* Main.storyboard */,
				D68BED8420036EBD00033E55 /* Assets.xcassets */,
				D68BED8620036EBD00033E55 /* LaunchScreen.storyboard */,
				D68BED8920036EBD00033E55 /* Info.plist */,
			);
			path = KFUPMSC;
			sourceTree = "<group>";
		};
		D68BED9120036F3500033E55 /* MMDrawer */ = {
			isa = PBXGroup;
			children = (
				D68BED9320036F6500033E55 /* MMDrawerBarButtonItem.h */,
				D68BED9420036F6500033E55 /* MMDrawerBarButtonItem.m */,
				D68BED9920036F6500033E55 /* MMDrawerController.h */,
				D68BED9520036F6500033E55 /* MMDrawerController.m */,
				D68BED9620036F6500033E55 /* MMDrawerController+Subclass.h */,
				D68BED9A20036F6600033E55 /* MMDrawerVisualState.h */,
				D68BED9720036F6500033E55 /* MMDrawerVisualState.m */,
				D68BED9B20036F6600033E55 /* UIViewController+MMDrawerController.h */,
				D68BED9820036F6500033E55 /* UIViewController+MMDrawerController.m */,
				D68BED9220036F6400033E55 /* KFUPMSC-Bridging-Header.h */,
			);
			path = MMDrawer;
			sourceTree = "<group>";
		};
		D68BEDA62004166D00033E55 /* Main Tab */ = {
			isa = PBXGroup;
			children = (
				D68BED7D20036EBD00033E55 /* MainViewController.swift */,
			);
			path = "Main Tab";
			sourceTree = "<group>";
		};
		D68BEDA72004167B00033E55 /* Matches Tab */ = {
			isa = PBXGroup;
			children = (
				D68BED7F20036EBD00033E55 /* MatchesViewController.swift */,
			);
			path = "Matches Tab";
			sourceTree = "<group>";
		};
		D68BEDA82004168400033E55 /* Scorers Tab */ = {
			isa = PBXGroup;
			children = (
				D68BEDA4200387EE00033E55 /* ScorersViewController.swift */,
			);
			path = "Scorers Tab";
			sourceTree = "<group>";
		};
		D68BEDA920041A6100033E55 /* Base Views */ = {
			isa = PBXGroup;
			children = (
				D68BED8F20036EF700033E55 /* TabBarViewController.swift */,
				D68BEDAA20041A7600033E55 /* BaseViewController.swift */,
				D68BEDA0200370B100033E55 /* RightSideViewController.swift */,
			);
			path = "Base Views";
			sourceTree = "<group>";
		};
		D68BEDAC20041C6000033E55 /* Side Menu */ = {
			isa = PBXGroup;
			children = (
				D68BEDAD20041C7800033E55 /* NewsViewController.swift */,
			);
			path = "Side Menu";
			sourceTree = "<group>";
		};
/* End PBXGroup section */

/* Begin PBXNativeTarget section */
		D68BED7720036EBD00033E55 /* KFUPMSC */ = {
			isa = PBXNativeTarget;
			buildConfigurationList = D68BED8C20036EBD00033E55 /* Build configuration list for PBXNativeTarget "KFUPMSC" */;
			buildPhases = (
				D68BED7420036EBD00033E55 /* Sources */,
				D68BED7520036EBD00033E55 /* Frameworks */,
				D68BED7620036EBD00033E55 /* Resources */,
			);
			buildRules = (
			);
			dependencies = (
			);
			name = KFUPMSC;
			productName = KFUPMSC;
			productReference = D68BED7820036EBD00033E55 /* KFUPMSC.app */;
			productType = "com.apple.product-type.application";
		};
/* End PBXNativeTarget section */

/* Begin PBXProject section */
		D68BED7020036EBC00033E55 /* Project object */ = {
			isa = PBXProject;
			attributes = {
				LastSwiftUpdateCheck = 0920;
				LastUpgradeCheck = 0920;
				ORGANIZATIONNAME = "Ammar AlTahhan";
				TargetAttributes = {
					D68BED7720036EBD00033E55 = {
						CreatedOnToolsVersion = 9.2;
						LastSwiftMigration = 0920;
						ProvisioningStyle = Automatic;
					};
				};
			};
			buildConfigurationList = D68BED7320036EBC00033E55 /* Build configuration list for PBXProject "KFUPMSC" */;
			compatibilityVersion = "Xcode 8.0";
			developmentRegion = en;
			hasScannedForEncodings = 0;
			knownRegions = (
				en,
				Base,
			);
			mainGroup = D68BED6F20036EBC00033E55;
			productRefGroup = D68BED7920036EBD00033E55 /* Products */;
			projectDirPath = "";
			projectRoot = "";
			targets = (
				D68BED7720036EBD00033E55 /* KFUPMSC */,
			);
		};
/* End PBXProject section */

/* Begin PBXResourcesBuildPhase section */
		D68BED7620036EBD00033E55 /* Resources */ = {
			isa = PBXResourcesBuildPhase;
			buildActionMask = 2147483647;
			files = (
				D68BED8820036EBD00033E55 /* LaunchScreen.storyboard in Resources */,
				D68BED8520036EBD00033E55 /* Assets.xcassets in Resources */,
				D68BED8320036EBD00033E55 /* Main.storyboard in Resources */,
			);
			runOnlyForDeploymentPostprocessing = 0;
		};
/* End PBXResourcesBuildPhase section */

/* Begin PBXSourcesBuildPhase section */
		D68BED7420036EBD00033E55 /* Sources */ = {
			isa = PBXSourcesBuildPhase;
			buildActionMask = 2147483647;
			files = (
				D68BED9020036EF700033E55 /* TabBarViewController.swift in Sources */,
				D68BED8020036EBD00033E55 /* MatchesViewController.swift in Sources */,
				D68BED9C20036F6600033E55 /* MMDrawerBarButtonItem.m in Sources */,
				D68BED9F20036F6600033E55 /* UIViewController+MMDrawerController.m in Sources */,
				D68BEDA5200387EE00033E55 /* ScorersViewController.swift in Sources */,
				D68BEDAB20041A7600033E55 /* BaseViewController.swift in Sources */,
				D68BEDAE20041C7800033E55 /* NewsViewController.swift in Sources */,
				D68BED7C20036EBD00033E55 /* AppDelegate.swift in Sources */,
				D68BEDA32003788A00033E55 /* Extensions.swift in Sources */,
				D68BED9D20036F6600033E55 /* MMDrawerController.m in Sources */,
				D68BED7E20036EBD00033E55 /* MainViewController.swift in Sources */,
				D68BEDA1200370B100033E55 /* RightSideViewController.swift in Sources */,
				D68BED9E20036F6600033E55 /* MMDrawerVisualState.m in Sources */,
			);
			runOnlyForDeploymentPostprocessing = 0;
		};
/* End PBXSourcesBuildPhase section */

/* Begin PBXVariantGroup section */
		D68BED8120036EBD00033E55 /* Main.storyboard */ = {
			isa = PBXVariantGroup;
			children = (
				D68BED8220036EBD00033E55 /* Base */,
			);
			name = Main.storyboard;
			sourceTree = "<group>";
		};
		D68BED8620036EBD00033E55 /* LaunchScreen.storyboard */ = {
			isa = PBXVariantGroup;
			children = (
				D68BED8720036EBD00033E55 /* Base */,
			);
			name = LaunchScreen.storyboard;
			sourceTree = "<group>";
		};
/* End PBXVariantGroup section */

/* Begin XCBuildConfiguration section */
		D68BED8A20036EBD00033E55 /* Debug */ = {
			isa = XCBuildConfiguration;
			buildSettings = {
				ALWAYS_SEARCH_USER_PATHS = NO;
				CLANG_ANALYZER_NONNULL = YES;
				CLANG_ANALYZER_NUMBER_OBJECT_CONVERSION = YES_AGGRESSIVE;
				CLANG_CXX_LANGUAGE_STANDARD = "gnu++14";
				CLANG_CXX_LIBRARY = "libc++";
				CLANG_ENABLE_MODULES = YES;
				CLANG_ENABLE_OBJC_ARC = YES;
				CLANG_WARN_BLOCK_CAPTURE_AUTORELEASING = YES;
				CLANG_WARN_BOOL_CONVERSION = YES;
				CLANG_WARN_COMMA = YES;
				CLANG_WARN_CONSTANT_CONVERSION = YES;
				CLANG_WARN_DIRECT_OBJC_ISA_USAGE = YES_ERROR;
				CLANG_WARN_DOCUMENTATION_COMMENTS = YES;
				CLANG_WARN_EMPTY_BODY = YES;
				CLANG_WARN_ENUM_CONVERSION = YES;
				CLANG_WARN_INFINITE_RECURSION = YES;
				CLANG_WARN_INT_CONVERSION = YES;
				CLANG_WARN_NON_LITERAL_NULL_CONVERSION = YES;
				CLANG_WARN_OBJC_LITERAL_CONVERSION = YES;
				CLANG_WARN_OBJC_ROOT_CLASS = YES_ERROR;
				CLANG_WARN_RANGE_LOOP_ANALYSIS = YES;
				CLANG_WARN_STRICT_PROTOTYPES = YES;
				CLANG_WARN_SUSPICIOUS_MOVE = YES;
				CLANG_WARN_UNGUARDED_AVAILABILITY = YES_AGGRESSIVE;
				CLANG_WARN_UNREACHABLE_CODE = YES;
				CLANG_WARN__DUPLICATE_METHOD_MATCH = YES;
				CODE_SIGN_IDENTITY = "iPhone Developer";
				COPY_PHASE_STRIP = NO;
				DEBUG_INFORMATION_FORMAT = dwarf;
				ENABLE_STRICT_OBJC_MSGSEND = YES;
				ENABLE_TESTABILITY = YES;
				GCC_C_LANGUAGE_STANDARD = gnu11;
				GCC_DYNAMIC_NO_PIC = NO;
				GCC_NO_COMMON_BLOCKS = YES;
				GCC_OPTIMIZATION_LEVEL = 0;
				GCC_PREPROCESSOR_DEFINITIONS = (
					"DEBUG=1",
					"$(inherited)",
				);
				GCC_WARN_64_TO_32_BIT_CONVERSION = YES;
				GCC_WARN_ABOUT_RETURN_TYPE = YES_ERROR;
				GCC_WARN_UNDECLARED_SELECTOR = YES;
				GCC_WARN_UNINITIALIZED_AUTOS = YES_AGGRESSIVE;
				GCC_WARN_UNUSED_FUNCTION = YES;
				GCC_WARN_UNUSED_VARIABLE = YES;
				IPHONEOS_DEPLOYMENT_TARGET = 11.2;
				MTL_ENABLE_DEBUG_INFO = YES;
				ONLY_ACTIVE_ARCH = YES;
				SDKROOT = iphoneos;
				SWIFT_ACTIVE_COMPILATION_CONDITIONS = DEBUG;
				SWIFT_OPTIMIZATION_LEVEL = "-Onone";
			};
			name = Debug;
		};
		D68BED8B20036EBD00033E55 /* Release */ = {
			isa = XCBuildConfiguration;
			buildSettings = {
				ALWAYS_SEARCH_USER_PATHS = NO;
				CLANG_ANALYZER_NONNULL = YES;
				CLANG_ANALYZER_NUMBER_OBJECT_CONVERSION = YES_AGGRESSIVE;
				CLANG_CXX_LANGUAGE_STANDARD = "gnu++14";
				CLANG_CXX_LIBRARY = "libc++";
				CLANG_ENABLE_MODULES = YES;
				CLANG_ENABLE_OBJC_ARC = YES;
				CLANG_WARN_BLOCK_CAPTURE_AUTORELEASING = YES;
				CLANG_WARN_BOOL_CONVERSION = YES;
				CLANG_WARN_COMMA = YES;
				CLANG_WARN_CONSTANT_CONVERSION = YES;
				CLANG_WARN_DIRECT_OBJC_ISA_USAGE = YES_ERROR;
				CLANG_WARN_DOCUMENTATION_COMMENTS = YES;
				CLANG_WARN_EMPTY_BODY = YES;
				CLANG_WARN_ENUM_CONVERSION = YES;
				CLANG_WARN_INFINITE_RECURSION = YES;
				CLANG_WARN_INT_CONVERSION = YES;
				CLANG_WARN_NON_LITERAL_NULL_CONVERSION = YES;
				CLANG_WARN_OBJC_LITERAL_CONVERSION = YES;
				CLANG_WARN_OBJC_ROOT_CLASS = YES_ERROR;
				CLANG_WARN_RANGE_LOOP_ANALYSIS = YES;
				CLANG_WARN_STRICT_PROTOTYPES = YES;
				CLANG_WARN_SUSPICIOUS_MOVE = YES;
				CLANG_WARN_UNGUARDED_AVAILABILITY = YES_AGGRESSIVE;
				CLANG_WARN_UNREACHABLE_CODE = YES;
				CLANG_WARN__DUPLICATE_METHOD_MATCH = YES;
				CODE_SIGN_IDENTITY = "iPhone Developer";
				COPY_PHASE_STRIP = NO;
				DEBUG_INFORMATION_FORMAT = "dwarf-with-dsym";
				ENABLE_NS_ASSERTIONS = NO;
				ENABLE_STRICT_OBJC_MSGSEND = YES;
				GCC_C_LANGUAGE_STANDARD = gnu11;
				GCC_NO_COMMON_BLOCKS = YES;
				GCC_WARN_64_TO_32_BIT_CONVERSION = YES;
				GCC_WARN_ABOUT_RETURN_TYPE = YES_ERROR;
				GCC_WARN_UNDECLARED_SELECTOR = YES;
				GCC_WARN_UNINITIALIZED_AUTOS = YES_AGGRESSIVE;
				GCC_WARN_UNUSED_FUNCTION = YES;
				GCC_WARN_UNUSED_VARIABLE = YES;
				IPHONEOS_DEPLOYMENT_TARGET = 11.2;
				MTL_ENABLE_DEBUG_INFO = NO;
				SDKROOT = iphoneos;
				SWIFT_OPTIMIZATION_LEVEL = "-Owholemodule";
				VALIDATE_PRODUCT = YES;
			};
			name = Release;
		};
		D68BED8D20036EBD00033E55 /* Debug */ = {
			isa = XCBuildConfiguration;
			buildSettings = {
				ASSETCATALOG_COMPILER_APPICON_NAME = AppIcon;
				CLANG_ENABLE_MODULES = YES;
				CODE_SIGN_STYLE = Automatic;
				INFOPLIST_FILE = KFUPMSC/Info.plist;
				LD_RUNPATH_SEARCH_PATHS = "$(inherited) @executable_path/Frameworks";
				PRODUCT_BUNDLE_IDENTIFIER = com.AmmarTahhan.KFUPMSC;
				PRODUCT_NAME = "$(TARGET_NAME)";
				SWIFT_OBJC_BRIDGING_HEADER = "KFUPMSC/MMDrawer/KFUPMSC-Bridging-Header.h";
				SWIFT_OPTIMIZATION_LEVEL = "-Onone";
				SWIFT_VERSION = 4.0;
				TARGETED_DEVICE_FAMILY = "1,2";
			};
			name = Debug;
		};
		D68BED8E20036EBD00033E55 /* Release */ = {
			isa = XCBuildConfiguration;
			buildSettings = {
				ASSETCATALOG_COMPILER_APPICON_NAME = AppIcon;
				CLANG_ENABLE_MODULES = YES;
				CODE_SIGN_STYLE = Automatic;
				INFOPLIST_FILE = KFUPMSC/Info.plist;
				LD_RUNPATH_SEARCH_PATHS = "$(inherited) @executable_path/Frameworks";
				PRODUCT_BUNDLE_IDENTIFIER = com.AmmarTahhan.KFUPMSC;
				PRODUCT_NAME = "$(TARGET_NAME)";
				SWIFT_OBJC_BRIDGING_HEADER = "KFUPMSC/MMDrawer/KFUPMSC-Bridging-Header.h";
				SWIFT_VERSION = 4.0;
				TARGETED_DEVICE_FAMILY = "1,2";
			};
			name = Release;
		};
/* End XCBuildConfiguration section */

/* Begin XCConfigurationList section */
		D68BED7320036EBC00033E55 /* Build configuration list for PBXProject "KFUPMSC" */ = {
			isa = XCConfigurationList;
			buildConfigurations = (
				D68BED8A20036EBD00033E55 /* Debug */,
				D68BED8B20036EBD00033E55 /* Release */,
			);
			defaultConfigurationIsVisible = 0;
			defaultConfigurationName = Release;
		};
		D68BED8C20036EBD00033E55 /* Build configuration list for PBXNativeTarget "KFUPMSC" */ = {
			isa = XCConfigurationList;
			buildConfigurations = (
				D68BED8D20036EBD00033E55 /* Debug */,
				D68BED8E20036EBD00033E55 /* Release */,
			);
			defaultConfigurationIsVisible = 0;
			defaultConfigurationName = Release;
		};
/* End XCConfigurationList section */
	};
	rootObject = D68BED7020036EBC00033E55 /* Project object */;
}
